
Microsoft Visual Studio Solution File, Format Version 12.00
# Visual Studio Version 17
VisualStudioVersion = 17.8.34322.80
MinimumVisualStudioVersion = 10.0.40219.1
Project("{9A19103F-16F7-4668-BE54-9A1E7A4F7556}") = "OBJ", "OBJ\OBJ.csproj", "{ECF9EAE9-2284-4C0C-81B0-867003C54528}"
EndProject
Project("{FAE04EC0-301F-11D3-BF4B-00C04F79EFBC}") = "PPM", "PPM\PPM.csproj", "{9F0D305F-8CC4-4E6D-858A-77EB8999FFD1}"
EndProject
Global
	GlobalSection(SolutionConfigurationPlatforms) = preSolution
		Debug|Any CPU = Debug|Any CPU
		Release|Any CPU = Release|Any CPU
	EndGlobalSection
	GlobalSection(ProjectConfigurationPlatforms) = postSolution
		{ECF9EAE9-2284-4C0C-81B0-867003C54528}.Debug|Any CPU.ActiveCfg = Debug|Any CPU
		{ECF9EAE9-2284-4C0C-81B0-867003C54528}.Debug|Any CPU.Build.0 = Debug|Any CPU
		{ECF9EAE9-2284-4C0C-81B0-867003C54528}.Release|Any CPU.ActiveCfg = Release|Any CPU
		{ECF9EAE9-2284-4C0C-81B0-867003C54528}.Release|Any CPU.Build.0 = Release|Any CPU
		{9F0D305F-8CC4-4E6D-858A-77EB8999FFD1}.Debug|Any CPU.ActiveCfg = Debug|Any CPU
		{9F0D305F-8CC4-4E6D-858A-77EB8999FFD1}.Debug|Any CPU.Build.0 = Debug|Any CPU
		{9F0D305F-8CC4-4E6D-858A-77EB8999FFD1}.Release|Any CPU.ActiveCfg = Release|Any CPU
		{9F0D305F-8CC4-4E6D-858A-77EB8999FFD1}.Release|Any CPU.Build.0 = Release|Any CPU
	EndGlobalSection
	GlobalSection(SolutionProperties) = preSolution
		HideSolutionNode = FALSE
	EndGlobalSection
	GlobalSection(ExtensibilityGlobals) = postSolution
		SolutionGuid = {982F9F86-C1A6-48FA-BF1A-AE460634A0F3}
	EndGlobalSection
EndGlobal
